
Microsoft Visual Studio Solution File, Format Version 12.00
# Visual Studio Version 16
VisualStudioVersion = 16.0.31005.135
MinimumVisualStudioVersion = 10.0.40219.1
Project("{FAE04EC0-301F-11D3-BF4B-00C04F79EFBC}") = "BuenasPracticayPrincipios", "BuenasPracticayPrincipios\BuenasPracticayPrincipios.csproj", "{C42FBB41-A8C3-43D3-B141-5FA851A21A09}"
EndProject
Project("{9A19103F-16F7-4668-BE54-9A1E7A4F7556}") = "VBNM", "Entity\VBNM.csproj", "{4963ABFE-3C67-4F92-B0B0-F9AEE75E12C2}"
EndProject
Project("{9A19103F-16F7-4668-BE54-9A1E7A4F7556}") = "Presentacion", "Presentacion\Presentacion.csproj", "{3322D432-6AB3-4B97-89F9-59FD7F9E2A79}"
EndProject
Project("{9A19103F-16F7-4668-BE54-9A1E7A4F7556}") = "BLL", "BLL\BLL.csproj", "{874FE673-2423-43E2-8042-DC014BFF0C49}"
EndProject
Project("{9A19103F-16F7-4668-BE54-9A1E7A4F7556}") = "DAL", "DALL\DAL.csproj", "{DDBC0044-2BC8-4692-B818-894592899DE7}"
EndProject
Project("{9A19103F-16F7-4668-BE54-9A1E7A4F7556}") = "Entity", "Entity\Entity.csproj", "{08C1F9CF-934D-4A94-9EA6-E292D0C83020}"
EndProject
Global
	GlobalSection(SolutionConfigurationPlatforms) = preSolution
		Debug|Any CPU = Debug|Any CPU
		Release|Any CPU = Release|Any CPU
	EndGlobalSection
	GlobalSection(ProjectConfigurationPlatforms) = postSolution
		{C42FBB41-A8C3-43D3-B141-5FA851A21A09}.Debug|Any CPU.ActiveCfg = Debug|Any CPU
		{C42FBB41-A8C3-43D3-B141-5FA851A21A09}.Debug|Any CPU.Build.0 = Debug|Any CPU
		{C42FBB41-A8C3-43D3-B141-5FA851A21A09}.Release|Any CPU.ActiveCfg = Release|Any CPU
		{C42FBB41-A8C3-43D3-B141-5FA851A21A09}.Release|Any CPU.Build.0 = Release|Any CPU
		{4963ABFE-3C67-4F92-B0B0-F9AEE75E12C2}.Debug|Any CPU.ActiveCfg = Debug|Any CPU
		{4963ABFE-3C67-4F92-B0B0-F9AEE75E12C2}.Debug|Any CPU.Build.0 = Debug|Any CPU
		{4963ABFE-3C67-4F92-B0B0-F9AEE75E12C2}.Release|Any CPU.ActiveCfg = Release|Any CPU
		{4963ABFE-3C67-4F92-B0B0-F9AEE75E12C2}.Release|Any CPU.Build.0 = Release|Any CPU
		{3322D432-6AB3-4B97-89F9-59FD7F9E2A79}.Debug|Any CPU.ActiveCfg = Debug|Any CPU
		{3322D432-6AB3-4B97-89F9-59FD7F9E2A79}.Debug|Any CPU.Build.0 = Debug|Any CPU
		{3322D432-6AB3-4B97-89F9-59FD7F9E2A79}.Release|Any CPU.ActiveCfg = Release|Any CPU
		{3322D432-6AB3-4B97-89F9-59FD7F9E2A79}.Release|Any CPU.Build.0 = Release|Any CPU
		{874FE673-2423-43E2-8042-DC014BFF0C49}.Debug|Any CPU.ActiveCfg = Debug|Any CPU
		{874FE673-2423-43E2-8042-DC014BFF0C49}.Debug|Any CPU.Build.0 = Debug|Any CPU
		{874FE673-2423-43E2-8042-DC014BFF0C49}.Release|Any CPU.ActiveCfg = Release|Any CPU
		{874FE673-2423-43E2-8042-DC014BFF0C49}.Release|Any CPU.Build.0 = Release|Any CPU
		{DDBC0044-2BC8-4692-B818-894592899DE7}.Debug|Any CPU.ActiveCfg = Debug|Any CPU
		{DDBC0044-2BC8-4692-B818-894592899DE7}.Debug|Any CPU.Build.0 = Debug|Any CPU
		{DDBC0044-2BC8-4692-B818-894592899DE7}.Release|Any CPU.ActiveCfg = Release|Any CPU
		{DDBC0044-2BC8-4692-B818-894592899DE7}.Release|Any CPU.Build.0 = Release|Any CPU
		{08C1F9CF-934D-4A94-9EA6-E292D0C83020}.Debug|Any CPU.ActiveCfg = Debug|Any CPU
		{08C1F9CF-934D-4A94-9EA6-E292D0C83020}.Debug|Any CPU.Build.0 = Debug|Any CPU
		{08C1F9CF-934D-4A94-9EA6-E292D0C83020}.Release|Any CPU.ActiveCfg = Release|Any CPU
		{08C1F9CF-934D-4A94-9EA6-E292D0C83020}.Release|Any CPU.Build.0 = Release|Any CPU
	EndGlobalSection
	GlobalSection(SolutionProperties) = preSolution
		HideSolutionNode = FALSE
	EndGlobalSection
	GlobalSection(ExtensibilityGlobals) = postSolution
		SolutionGuid = {78AA11CB-AD42-4753-B060-BA60071E7209}
	EndGlobalSection
EndGlobal
