
Microsoft Visual Studio Solution File, Format Version 12.00
# Visual Studio Version 16
VisualStudioVersion = 16.0.31005.135
MinimumVisualStudioVersion = 10.0.40219.1
Project("{FAE04EC0-301F-11D3-BF4B-00C04F79EFBC}") = "BuenasPracticayPrincipios", "BuenasPracticayPrincipios\BuenasPracticayPrincipios.csproj", "{C42FBB41-A8C3-43D3-B141-5FA851A21A09}"
EndProject
Project("{FAE04EC0-301F-11D3-BF4B-00C04F79EFBC}") = "Entity", "Entity\Entity.csproj", "{4963ABFE-3C67-4F92-B0B0-F9AEE75E12C2}"
EndProject
Project("{FAE04EC0-301F-11D3-BF4B-00C04F79EFBC}") = "BLL", "Bill\BLL.csproj", "{40ED3BF4-0854-45C7-81DB-6144E141028C}"
EndProject
Project("{FAE04EC0-301F-11D3-BF4B-00C04F79EFBC}") = "DAL", "DAL\DAL.csproj", "{5529133B-59F4-4957-AD00-A5ED6E927021}"
EndProject
Project("{FAE04EC0-301F-11D3-BF4B-00C04F79EFBC}") = "Presentacion", "Presentacion\Presentacion.csproj", "{3322D432-6AB3-4B97-89F9-59FD7F9E2A79}"
EndProject
Global
	GlobalSection(SolutionConfigurationPlatforms) = preSolution
		Debug|Any CPU = Debug|Any CPU
		Release|Any CPU = Release|Any CPU
	EndGlobalSection
	GlobalSection(ProjectConfigurationPlatforms) = postSolution
		{C42FBB41-A8C3-43D3-B141-5FA851A21A09}.Debug|Any CPU.ActiveCfg = Debug|Any CPU
		{C42FBB41-A8C3-43D3-B141-5FA851A21A09}.Debug|Any CPU.Build.0 = Debug|Any CPU
		{C42FBB41-A8C3-43D3-B141-5FA851A21A09}.Release|Any CPU.ActiveCfg = Release|Any CPU
		{C42FBB41-A8C3-43D3-B141-5FA851A21A09}.Release|Any CPU.Build.0 = Release|Any CPU
		{4963ABFE-3C67-4F92-B0B0-F9AEE75E12C2}.Debug|Any CPU.ActiveCfg = Debug|Any CPU
		{4963ABFE-3C67-4F92-B0B0-F9AEE75E12C2}.Debug|Any CPU.Build.0 = Debug|Any CPU
		{4963ABFE-3C67-4F92-B0B0-F9AEE75E12C2}.Release|Any CPU.ActiveCfg = Release|Any CPU
		{4963ABFE-3C67-4F92-B0B0-F9AEE75E12C2}.Release|Any CPU.Build.0 = Release|Any CPU
		{40ED3BF4-0854-45C7-81DB-6144E141028C}.Debug|Any CPU.ActiveCfg = Debug|Any CPU
		{40ED3BF4-0854-45C7-81DB-6144E141028C}.Debug|Any CPU.Build.0 = Debug|Any CPU
		{40ED3BF4-0854-45C7-81DB-6144E141028C}.Release|Any CPU.ActiveCfg = Release|Any CPU
		{40ED3BF4-0854-45C7-81DB-6144E141028C}.Release|Any CPU.Build.0 = Release|Any CPU
		{5529133B-59F4-4957-AD00-A5ED6E927021}.Debug|Any CPU.ActiveCfg = Debug|Any CPU
		{5529133B-59F4-4957-AD00-A5ED6E927021}.Debug|Any CPU.Build.0 = Debug|Any CPU
		{5529133B-59F4-4957-AD00-A5ED6E927021}.Release|Any CPU.ActiveCfg = Release|Any CPU
		{5529133B-59F4-4957-AD00-A5ED6E927021}.Release|Any CPU.Build.0 = Release|Any CPU
		{3322D432-6AB3-4B97-89F9-59FD7F9E2A79}.Debug|Any CPU.ActiveCfg = Debug|Any CPU
		{3322D432-6AB3-4B97-89F9-59FD7F9E2A79}.Debug|Any CPU.Build.0 = Debug|Any CPU
		{3322D432-6AB3-4B97-89F9-59FD7F9E2A79}.Release|Any CPU.ActiveCfg = Release|Any CPU
		{3322D432-6AB3-4B97-89F9-59FD7F9E2A79}.Release|Any CPU.Build.0 = Release|Any CPU
	EndGlobalSection
	GlobalSection(SolutionProperties) = preSolution
		HideSolutionNode = FALSE
	EndGlobalSection
	GlobalSection(ExtensibilityGlobals) = postSolution
		SolutionGuid = {78AA11CB-AD42-4753-B060-BA60071E7209}
	EndGlobalSection
EndGlobal
